
Microsoft Visual Studio Solution File, Format Version 12.00
# Visual Studio Version 16
VisualStudioVersion = 16.0.28803.202
MinimumVisualStudioVersion = 10.0.40219.1
Project("{FAE04EC0-301F-11D3-BF4B-00C04F79EFBC}") = "Calculator", "Calculator.csproj", "{643F54D6-31F0-44E0-B5EA-C637F86104DA}"
EndProject
Global
	GlobalSection(SolutionConfigurationPlatforms) = preSolution
		Debug|Any CPU = Debug|Any CPU
		Release|Any CPU = Release|Any CPU
	EndGlobalSection
	GlobalSection(ProjectConfigurationPlatforms) = postSolution
		{643F54D6-31F0-44E0-B5EA-C637F86104DA}.Debug|Any CPU.ActiveCfg = Debug|Any CPU
		{643F54D6-31F0-44E0-B5EA-C637F86104DA}.Debug|Any CPU.Build.0 = Debug|Any CPU
		{643F54D6-31F0-44E0-B5EA-C637F86104DA}.Release|Any CPU.ActiveCfg = Release|Any CPU
		{643F54D6-31F0-44E0-B5EA-C637F86104DA}.Release|Any CPU.Build.0 = Release|Any CPU
	EndGlobalSection
	GlobalSection(SolutionProperties) = preSolution
		HideSolutionNode = FALSE
	EndGlobalSection
	GlobalSection(ExtensibilityGlobals) = postSolution
		SolutionGuid = {5807E457-51E8-4951-90C2-19AD9E05589D}
	EndGlobalSection
EndGlobal
